
Microsoft Visual Studio Solution File, Format Version 12.00
# Visual Studio Version 17
VisualStudioVersion = 17.5.002.0
MinimumVisualStudioVersion = 10.0.40219.1
Project("{9A19103F-16F7-4668-BE54-9A1E7A4F7556}") = "MvcMovieApp", "MvcMovieApp.csproj", "{55A25C5A-BF2F-4567-94F0-3609034F5695}"
EndProject
Global
	GlobalSection(SolutionConfigurationPlatforms) = preSolution
		Debug|Any CPU = Debug|Any CPU
		Release|Any CPU = Release|Any CPU
	EndGlobalSection
	GlobalSection(ProjectConfigurationPlatforms) = postSolution
		{55A25C5A-BF2F-4567-94F0-3609034F5695}.Debug|Any CPU.ActiveCfg = Debug|Any CPU
		{55A25C5A-BF2F-4567-94F0-3609034F5695}.Debug|Any CPU.Build.0 = Debug|Any CPU
		{55A25C5A-BF2F-4567-94F0-3609034F5695}.Release|Any CPU.ActiveCfg = Release|Any CPU
		{55A25C5A-BF2F-4567-94F0-3609034F5695}.Release|Any CPU.Build.0 = Release|Any CPU
	EndGlobalSection
	GlobalSection(SolutionProperties) = preSolution
		HideSolutionNode = FALSE
	EndGlobalSection
	GlobalSection(ExtensibilityGlobals) = postSolution
		SolutionGuid = {78B528F7-924C-401C-BD63-F110EAF534EB}
	EndGlobalSection
EndGlobal
